
Microsoft Visual Studio Solution File, Format Version 12.00
# Visual Studio Version 17
VisualStudioVersion = 17.4.33205.214
MinimumVisualStudioVersion = 10.0.40219.1
Project("{9A19103F-16F7-4668-BE54-9A1E7A4F7556}") = "WebAppBB", "WebAppBB\WebAppBB.csproj", "{0B49CB0D-5EAA-4B09-9B98-83EE4834EF0B}"
EndProject
Global
	GlobalSection(SolutionConfigurationPlatforms) = preSolution
		Debug|Any CPU = Debug|Any CPU
		Release|Any CPU = Release|Any CPU
	EndGlobalSection
	GlobalSection(ProjectConfigurationPlatforms) = postSolution
		{0B49CB0D-5EAA-4B09-9B98-83EE4834EF0B}.Debug|Any CPU.ActiveCfg = Debug|Any CPU
		{0B49CB0D-5EAA-4B09-9B98-83EE4834EF0B}.Debug|Any CPU.Build.0 = Debug|Any CPU
		{0B49CB0D-5EAA-4B09-9B98-83EE4834EF0B}.Release|Any CPU.ActiveCfg = Release|Any CPU
		{0B49CB0D-5EAA-4B09-9B98-83EE4834EF0B}.Release|Any CPU.Build.0 = Release|Any CPU
	EndGlobalSection
	GlobalSection(SolutionProperties) = preSolution
		HideSolutionNode = FALSE
	EndGlobalSection
	GlobalSection(ExtensibilityGlobals) = postSolution
		SolutionGuid = {CF7BA9EA-6C31-40B0-B9A1-3EF96C480D9A}
	EndGlobalSection
EndGlobal
